[root]
name = "weekendraytracer"
version = "0.1.0"
dependencies = [
 "ppm 0.1.0",
 "rand 0.3.14 (registry+https://github.com/rust-lang/crates.io-index)",
 "vector 0.1.0",
]

[[package]]
name = "libc"
version = "0.2.10"
source = "registry+https://github.com/rust-lang/crates.io-index"

[[package]]
name = "ppm"
version = "0.1.0"

[[package]]
name = "rand"
version = "0.3.14"
source = "registry+https://github.com/rust-lang/crates.io-index"
dependencies = [
 "libc 0.2.10 (registry+https://github.com/rust-lang/crates.io-index)",
]

[[package]]
name = "vector"
version = "0.1.0"

